{
  "name": "image-editor",
  "version": "0.0.0",
  "lockfileVersion": 1,
  "dependencies": {
    "@types/chai": {
      "version": "4.0.0",
      "resolved": "https://registry.npmjs.org/@types/chai/-/chai-4.0.0.tgz",
      "integrity": "sha512-B56eI1x+Av9A7XHsgF0+WyLyBytAQqvdBoaULY3c4TGeKwLm43myB78EeBA8/VQn74KblXM4/ecmjTJJXUUF1A==",
      "dev": true
    },
    "@types/color": {
      "version": "https://registry.npmjs.org/@types/color/-/color-1.0.4.tgz",
      "integrity": "sha1-1faWWQ/RZwV+erxv4t1Dhb688oM=",
      "dev": true
    },
    "@types/mocha": {
      "version": "2.2.41",
      "resolved": "https://registry.npmjs.org/@types/mocha/-/mocha-2.2.41.tgz",
      "integrity": "sha1-4nzwgXFT658nE7LT9saPHhw8pgg=",
      "dev": true
    },
    "@types/node": {
      "version": "https://registry.npmjs.org/@types/node/-/node-7.0.22.tgz",
      "integrity": "sha1-RZP02Ci91hKSlHjqQMZ7T0A8olU=",
      "dev": true
    },
    "acorn": {
      "version": "https://registry.npmjs.org/acorn/-/acorn-3.3.0.tgz",
      "integrity": "sha1-ReN/s56No/JbruP/U2niu18iAXo=",
      "dev": true
    },
    "acorn-globals": {
      "version": "https://registry.npmjs.org/acorn-globals/-/acorn-globals-3.1.0.tgz",
      "integrity": "sha1-/YJw9x+7SZawBPqIDuXUZXOnMb8=",
      "dev": true,
      "dependencies": {
        "acorn": {
          "version": "https://registry.npmjs.org/acorn/-/acorn-4.0.13.tgz",
          "integrity": "sha1-EFSVrlNh1pe9GVyCUZLhrX8lN4c=",
          "dev": true
        }
      }
    },
    "align-text": {
      "version": "https://registry.npmjs.org/align-text/-/align-text-0.1.4.tgz",
      "integrity": "sha1-DNkKVhCT810KmSVsIrcGlDP60Rc=",
      "dev": true
    },
    "amdefine": {
      "version": "https://registry.npmjs.org/amdefine/-/amdefine-1.0.1.tgz",
      "integrity": "sha1-SlKCrBZHKek2Gbz9OtFR+BfOkfU=",
      "dev": true
    },
    "array-filter": {
      "version": "https://registry.npmjs.org/array-filter/-/array-filter-0.0.1.tgz",
      "integrity": "sha1-fajPLiZijtcygDWB/SH2fKzS7uw=",
      "dev": true
    },
    "array-map": {
      "version": "https://registry.npmjs.org/array-map/-/array-map-0.0.0.tgz",
      "integrity": "sha1-iKK6tz0c97zVwbEYoAP2b2ZfpmI=",
      "dev": true
    },
    "array-reduce": {
      "version": "https://registry.npmjs.org/array-reduce/-/array-reduce-0.0.0.tgz",
      "integrity": "sha1-FziZ0//Rx9k4PkR5Ul2+J4yrXys=",
      "dev": true
    },
    "array-union": {
      "version": "1.0.2",
      "resolved": "https://registry.npmjs.org/array-union/-/array-union-1.0.2.tgz",
      "integrity": "sha1-mjRBDk9OPaI96jdb5b5w8kd47Dk=",
      "dev": true
    },
    "array-uniq": {
      "version": "1.0.3",
      "resolved": "https://registry.npmjs.org/array-uniq/-/array-uniq-1.0.3.tgz",
      "integrity": "sha1-r2rId6Jcx/dOBYiUdThY39sk/bY=",
      "dev": true
    },
    "arrify": {
      "version": "1.0.1",
      "resolved": "https://registry.npmjs.org/arrify/-/arrify-1.0.1.tgz",
      "integrity": "sha1-iYUI2iIm84DfkEcoRWhJwVAaSw0=",
      "dev": true
    },
    "asap": {
      "version": "https://registry.npmjs.org/asap/-/asap-2.0.5.tgz",
      "integrity": "sha1-UidltQw1EEkOUtfc/ghe+bqWlY8=",
      "dev": true
    },
    "asn1.js": {
      "version": "https://registry.npmjs.org/asn1.js/-/asn1.js-4.9.1.tgz",
      "integrity": "sha1-SLokC0WpKA6UdImQull9IWYX/UA=",
      "dev": true
    },
    "assert": {
      "version": "https://registry.npmjs.org/assert/-/assert-1.4.1.tgz",
      "integrity": "sha1-mZEtWRg2tab1s0XA8H7vwI/GXZE=",
      "dev": true
    },
    "assertion-error": {
      "version": "1.0.2",
      "resolved": "https://registry.npmjs.org/assertion-error/-/assertion-error-1.0.2.tgz",
      "integrity": "sha1-E8pRXYYgbaC6xm6DTdOX2HWBCUw=",
      "dev": true
    },
    "astw": {
      "version": "https://registry.npmjs.org/astw/-/astw-2.2.0.tgz",
      "integrity": "sha1-e9QXhNMkk5h66yOba04cV6hzuRc=",
      "dev": true,
      "dependencies": {
        "acorn": {
          "version": "https://registry.npmjs.org/acorn/-/acorn-4.0.13.tgz",
          "integrity": "sha1-EFSVrlNh1pe9GVyCUZLhrX8lN4c=",
          "dev": true
        }
      }
    },
    "balanced-match": {
      "version": "https://registry.npmjs.org/balanced-match/-/balanced-match-0.4.2.tgz",
      "integrity": "sha1-yz8+PHMtwPAe5wtAPzAuYddwmDg=",
      "dev": true
    },
    "base64-js": {
      "version": "https://registry.npmjs.org/base64-js/-/base64-js-1.2.0.tgz",
      "integrity": "sha1-o5mS1yNYSBGYK+XikLtqU9hnAPE=",
      "dev": true
    },
    "bn.js": {
      "version": "https://registry.npmjs.org/bn.js/-/bn.js-4.11.6.tgz",
      "integrity": "sha1-UzRK2xRhehP26N0s4okF0cC6MhU=",
      "dev": true
    },
    "brace-expansion": {
      "version": "https://registry.npmjs.org/brace-expansion/-/brace-expansion-1.1.7.tgz",
      "integrity": "sha1-Pv/DxQ4ABTH7cg6v+A8K6O8jz1k=",
      "dev": true
    },
    "brorand": {
      "version": "https://registry.npmjs.org/brorand/-/brorand-1.1.0.tgz",
      "integrity": "sha1-EsJe/kCkXjwyPrhnWgoM5XsiNx8=",
      "dev": true
    },
    "browser-pack": {
      "version": "https://registry.npmjs.org/browser-pack/-/browser-pack-6.0.2.tgz",
      "integrity": "sha1-+GzWzvT1MAyOY+B6TVEvZfv/RTE=",
      "dev": true
    },
    "browser-resolve": {
      "version": "https://registry.npmjs.org/browser-resolve/-/browser-resolve-1.11.2.tgz",
      "integrity": "sha1-j/CbCixCFxihBRwmCzLkj0QpOM4=",
      "dev": true,
      "dependencies": {
        "resolve": {
          "version": "https://registry.npmjs.org/resolve/-/resolve-1.1.7.tgz",
          "integrity": "sha1-IDEU2CrSxe2ejgQRs5ModeiJ6Xs=",
          "dev": true
        }
      }
    },
    "browser-stdout": {
      "version": "1.3.0",
      "resolved": "https://registry.npmjs.org/browser-stdout/-/browser-stdout-1.3.0.tgz",
      "integrity": "sha1-81HTKWnTL6XXpVZxVCY9korjvR8=",
      "dev": true
    },
    "browserify": {
      "version": "https://registry.npmjs.org/browserify/-/browserify-14.4.0.tgz",
      "integrity": "sha1-CJo0Y69Y0OSNjNQHCz90ZU1avKk=",
      "dev": true,
      "dependencies": {
        "glob": {
          "version": "https://registry.npmjs.org/glob/-/glob-7.1.2.tgz",
          "integrity": "sha1-wZyd+aAocC1nhhI4SmVSQExjbRU=",
          "dev": true
        }
      }
    },
    "browserify-aes": {
      "version": "https://registry.npmjs.org/browserify-aes/-/browserify-aes-1.0.6.tgz",
      "integrity": "sha1-Xncl297x/Vkw1OurSFZ85FHEigo=",
      "dev": true
    },
    "browserify-cipher": {
      "version": "https://registry.npmjs.org/browserify-cipher/-/browserify-cipher-1.0.0.tgz",
      "integrity": "sha1-mYgkSHS/XtTijalWZtzWasj8Njo=",
      "dev": true
    },
    "browserify-des": {
      "version": "https://registry.npmjs.org/browserify-des/-/browserify-des-1.0.0.tgz",
      "integrity": "sha1-2qJ3cXRwki7S/hhZQRihdUOXId0=",
      "dev": true
    },
    "browserify-rsa": {
      "version": "https://registry.npmjs.org/browserify-rsa/-/browserify-rsa-4.0.1.tgz",
      "integrity": "sha1-IeCr+vbyApzy+vsTNWenAdQTVSQ=",
      "dev": true
    },
    "browserify-sign": {
      "version": "https://registry.npmjs.org/browserify-sign/-/browserify-sign-4.0.4.tgz",
      "integrity": "sha1-qk62jl17ZYuqa/alfmMMvXqT0pg=",
      "dev": true
    },
    "browserify-zlib": {
      "version": "https://registry.npmjs.org/browserify-zlib/-/browserify-zlib-0.1.4.tgz",
      "integrity": "sha1-uzX4pRn2AOD6a4SFJByXnQFB+y0=",
      "dev": true
    },
    "buffer": {
      "version": "https://registry.npmjs.org/buffer/-/buffer-5.0.6.tgz",
      "integrity": "sha1-LqZp9+7Atu2gWwj4tf9mGyhXNYg=",
      "dev": true
    },
    "buffer-shims": {
      "version": "https://registry.npmjs.org/buffer-shims/-/buffer-shims-1.0.0.tgz",
      "integrity": "sha1-mXjOMXOIxkmth5MCjDR37wRKi1E=",
      "dev": true
    },
    "buffer-xor": {
      "version": "https://registry.npmjs.org/buffer-xor/-/buffer-xor-1.0.3.tgz",
      "integrity": "sha1-JuYe0UIvtw3ULm42cp7VHYVf6Nk=",
      "dev": true
    },
    "builtin-status-codes": {
      "version": "https://registry.npmjs.org/builtin-status-codes/-/builtin-status-codes-3.0.0.tgz",
      "integrity": "sha1-hZgoeOIbmOHGZCXgPQF0eI9Wnug=",
      "dev": true
    },
    "cached-path-relative": {
      "version": "https://registry.npmjs.org/cached-path-relative/-/cached-path-relative-1.0.1.tgz",
      "integrity": "sha1-0JxLUoAKpMB44t2BqGmqyQ0uVOc=",
      "dev": true
    },
    "camelcase": {
      "version": "https://registry.npmjs.org/camelcase/-/camelcase-1.2.1.tgz",
      "integrity": "sha1-m7UwTS4LVmmLLHWLCKPqqdqlijk=",
      "dev": true
    },
    "center-align": {
      "version": "https://registry.npmjs.org/center-align/-/center-align-0.1.3.tgz",
      "integrity": "sha1-qg0yYptu6XIgBBHL1EYckHvCt60=",
      "dev": true
    },
    "chai": {
      "version": "4.0.2",
      "resolved": "https://registry.npmjs.org/chai/-/chai-4.0.2.tgz",
      "integrity": "sha1-L3MnxN5vOF3XeHmZ4qsCaXoyuDs=",
      "dev": true
    },
    "character-parser": {
      "version": "https://registry.npmjs.org/character-parser/-/character-parser-2.2.0.tgz",
      "integrity": "sha1-x84o821LzZdE5f/CxfzeHHMmH8A=",
      "dev": true
    },
    "check-error": {
      "version": "1.0.2",
      "resolved": "https://registry.npmjs.org/check-error/-/check-error-1.0.2.tgz",
      "integrity": "sha1-V00xLt2Iu13YkS6Sht1sCu1KrII=",
      "dev": true
    },
    "cipher-base": {
      "version": "https://registry.npmjs.org/cipher-base/-/cipher-base-1.0.3.tgz",
      "integrity": "sha1-7qvxlEGc6QDaMBjCB9IS8qbfCgc=",
      "dev": true
    },
    "clean-css": {
      "version": "https://registry.npmjs.org/clean-css/-/clean-css-3.4.26.tgz",
      "integrity": "sha1-VTI7NE/zvO5oSi6sgck9+Ppz3us=",
      "dev": true
    },
    "cliui": {
      "version": "https://registry.npmjs.org/cliui/-/cliui-2.1.0.tgz",
      "integrity": "sha1-S0dXYP+AJkx2LDoXGQMukcf+oNE=",
      "dev": true
    },
    "color": {
      "version": "https://registry.npmjs.org/color/-/color-1.0.3.tgz",
      "integrity": "sha1-5I6DLYXxTvaU+0aIEcLVz+cptV0=",
      "dev": true
    },
    "color-convert": {
      "version": "https://registry.npmjs.org/color-convert/-/color-convert-1.9.0.tgz",
      "integrity": "sha1-Gsz5fdc5uYO/mU1W/sj5WFNkG3o=",
      "dev": true
    },
    "color-name": {
      "version": "https://registry.npmjs.org/color-name/-/color-name-1.1.2.tgz",
      "integrity": "sha1-XIq3K2S9IhXWF66VWeuxSEdc+Y0=",
      "dev": true
    },
    "color-string": {
      "version": "https://registry.npmjs.org/color-string/-/color-string-1.5.2.tgz",
      "integrity": "sha1-JuRYFLw8mny9Z1FkikFDRRSnc6k=",
      "dev": true
    },
    "combine-source-map": {
      "version": "https://registry.npmjs.org/combine-source-map/-/combine-source-map-0.7.2.tgz",
      "integrity": "sha1-CHAxKFazB6h8xKxIbzqaYq7MwJ4=",
      "dev": true,
      "dependencies": {
        "source-map": {
          "version": "https://registry.npmjs.org/source-map/-/source-map-0.5.6.tgz",
          "integrity": "sha1-dc449SvwczxafwwRjYEzSiu19BI=",
          "dev": true
        }
      }
    },
    "commander": {
      "version": "https://registry.npmjs.org/commander/-/commander-2.8.1.tgz",
      "integrity": "sha1-Br42f+v9oMMwqh4qBy09yXYkJdQ=",
      "dev": true
    },
    "concat-map": {
      "version": "https://registry.npmjs.org/concat-map/-/concat-map-0.0.1.tgz",
      "integrity": "sha1-2Klr13/Wjfd5OnMDajug1UBdR3s=",
      "dev": true
    },
    "concat-stream": {
      "version": "https://registry.npmjs.org/concat-stream/-/concat-stream-1.5.2.tgz",
      "integrity": "sha1-cIl4Yk2FavQaWnQd790mHadSwmY=",
      "dev": true,
      "dependencies": {
        "readable-stream": {
          "version": "https://registry.npmjs.org/readable-stream/-/readable-stream-2.0.6.tgz",
          "integrity": "sha1-j5A0HmilPMySh4jaz80Rs265t44=",
          "dev": true
        },
        "string_decoder": {
          "version": "https://registry.npmjs.org/string_decoder/-/string_decoder-0.10.31.tgz",
          "integrity": "sha1-YuIDvEF2bGwoyfyEMB2rHFMQ+pQ=",
          "dev": true
        }
      }
    },
    "console-browserify": {
      "version": "https://registry.npmjs.org/console-browserify/-/console-browserify-1.1.0.tgz",
      "integrity": "sha1-8CQcRXMKn8YyOyBtvzjtx0HQuxA=",
      "dev": true
    },
    "constantinople": {
      "version": "https://registry.npmjs.org/constantinople/-/constantinople-3.1.0.tgz",
      "integrity": "sha1-dWnKqKo/jVk11i4fqW+fcCzYHHk=",
      "dev": true
    },
    "constants-browserify": {
      "version": "https://registry.npmjs.org/constants-browserify/-/constants-browserify-1.0.0.tgz",
      "integrity": "sha1-wguW2MYXdIqvHBYCF2DNJ/y4y3U=",
      "dev": true
    },
    "convert-source-map": {
      "version": "https://registry.npmjs.org/convert-source-map/-/convert-source-map-1.1.3.tgz",
      "integrity": "sha1-SCnId+n+SbMWHzvzZziI4gRpmGA=",
      "dev": true
    },
    "core-util-is": {
      "version": "https://registry.npmjs.org/core-util-is/-/core-util-is-1.0.2.tgz",
      "integrity": "sha1-tf1UIgqivFq1eqtxQMlAdUUDwac=",
      "dev": true
    },
    "cp-file": {
      "version": "4.2.0",
      "resolved": "https://registry.npmjs.org/cp-file/-/cp-file-4.2.0.tgz",
      "integrity": "sha1-cVNhZjtx7eC23dvDyA4roC5yXsM=",
      "dev": true
    },
    "cpy": {
      "version": "5.1.0",
      "resolved": "https://registry.npmjs.org/cpy/-/cpy-5.1.0.tgz",
      "integrity": "sha1-JImCvyCbCkUHgw5ypF0oTUWDoWo=",
      "dev": true
    },
    "create-ecdh": {
      "version": "https://registry.npmjs.org/create-ecdh/-/create-ecdh-4.0.0.tgz",
      "integrity": "sha1-iIxyNZbN92EvZJgjPuvXo1MBc30=",
      "dev": true
    },
    "create-hash": {
      "version": "https://registry.npmjs.org/create-hash/-/create-hash-1.1.3.tgz",
      "integrity": "sha1-YGBCrIuSYnUPSDyt2rD1gZFy2P0=",
      "dev": true
    },
    "create-hmac": {
      "version": "https://registry.npmjs.org/create-hmac/-/create-hmac-1.1.6.tgz",
      "integrity": "sha1-rLniIaThe9sHbpBlfEK5PjcmzwY=",
      "dev": true
    },
    "crypto-browserify": {
      "version": "https://registry.npmjs.org/crypto-browserify/-/crypto-browserify-3.11.0.tgz",
      "integrity": "sha1-NlKgkGq5sqfgw85mpAjpV6JIVSI=",
      "dev": true
    },
    "css-parse": {
      "version": "https://registry.npmjs.org/css-parse/-/css-parse-1.7.0.tgz",
      "integrity": "sha1-Mh9s9zeCpv91ERE5D8BeLGV9jJs=",
      "dev": true
    },
    "date-now": {
      "version": "https://registry.npmjs.org/date-now/-/date-now-0.1.4.tgz",
      "integrity": "sha1-6vQ5/U1ISK105cx9vvIAZyueNFs=",
      "dev": true
    },
    "debug": {
      "version": "https://registry.npmjs.org/debug/-/debug-2.6.8.tgz",
      "integrity": "sha1-5zFTHKLt4n0YgiJCfaF4IdaP9Pw=",
      "dev": true
    },
    "decamelize": {
      "version": "https://registry.npmjs.org/decamelize/-/decamelize-1.2.0.tgz",
      "integrity": "sha1-9lNNFRSCabIDUue+4m9QH5oZEpA=",
      "dev": true
    },
    "deep-eql": {
      "version": "2.0.2",
      "resolved": "https://registry.npmjs.org/deep-eql/-/deep-eql-2.0.2.tgz",
      "integrity": "sha1-sbrAblbwp2d3aG1Qyf63XC7XZ5o=",
      "dev": true,
      "dependencies": {
        "type-detect": {
          "version": "3.0.0",
          "resolved": "https://registry.npmjs.org/type-detect/-/type-detect-3.0.0.tgz",
          "integrity": "sha1-RtDMhVOrt7E6NSsNbeov1Y8tm1U=",
          "dev": true
        }
      }
    },
    "defined": {
      "version": "https://registry.npmjs.org/defined/-/defined-1.0.0.tgz",
      "integrity": "sha1-yY2bzvdWdBiOEQlpFRGZ45sfppM=",
      "dev": true
    },
    "deps-sort": {
      "version": "https://registry.npmjs.org/deps-sort/-/deps-sort-2.0.0.tgz",
      "integrity": "sha1-CRckkC6EZYJg65EHSMzNGvbiH7U=",
      "dev": true
    },
    "des.js": {
      "version": "https://registry.npmjs.org/des.js/-/des.js-1.0.0.tgz",
      "integrity": "sha1-wHTS4qpqipoH29YfmhXCzYPsjsw=",
      "dev": true
    },
    "detective": {
      "version": "https://registry.npmjs.org/detective/-/detective-4.5.0.tgz",
      "integrity": "sha1-blqMaybmx6JUsca210kNmOyR7dE=",
      "dev": true,
      "dependencies": {
        "acorn": {
          "version": "https://registry.npmjs.org/acorn/-/acorn-4.0.13.tgz",
          "integrity": "sha1-EFSVrlNh1pe9GVyCUZLhrX8lN4c=",
          "dev": true
        }
      }
    },
    "diff": {
      "version": "3.2.0",
      "resolved": "https://registry.npmjs.org/diff/-/diff-3.2.0.tgz",
      "integrity": "sha1-yc45Okt8vQsFinJck98pkCeGj/k=",
      "dev": true
    },
    "diffie-hellman": {
      "version": "https://registry.npmjs.org/diffie-hellman/-/diffie-hellman-5.0.2.tgz",
      "integrity": "sha1-tYNXOScM/ias9jIJn97SoH8gnl4=",
      "dev": true
    },
    "doctypes": {
      "version": "https://registry.npmjs.org/doctypes/-/doctypes-1.1.0.tgz",
      "integrity": "sha1-6oCxBqh1OHdOijpKWv4pPeSJ4Kk=",
      "dev": true
    },
    "domain-browser": {
      "version": "https://registry.npmjs.org/domain-browser/-/domain-browser-1.1.7.tgz",
      "integrity": "sha1-hnqksJP6oF8d4IwG9NeyH9+GmLw=",
      "dev": true
    },
    "duplexer2": {
      "version": "https://registry.npmjs.org/duplexer2/-/duplexer2-0.1.4.tgz",
      "integrity": "sha1-ixLauHjA1p4+eJEFFmKjL8a93ME=",
      "dev": true
    },
    "elliptic": {
      "version": "https://registry.npmjs.org/elliptic/-/elliptic-6.4.0.tgz",
      "integrity": "sha1-ysmvh2LIWDYYcAPI3+GT5eLq5d8=",
      "dev": true
    },
    "escape-string-regexp": {
      "version": "https://registry.npmjs.org/escape-string-regexp/-/escape-string-regexp-1.0.5.tgz",
      "integrity": "sha1-G2HAViGQqN/2rjuyzwIAyhMLhtQ=",
      "dev": true
    },
    "events": {
      "version": "https://registry.npmjs.org/events/-/events-1.1.1.tgz",
      "integrity": "sha1-nr23Y1rQmccNzEwqH1AEKI6L2SQ=",
      "dev": true
    },
    "evp_bytestokey": {
      "version": "https://registry.npmjs.org/evp_bytestokey/-/evp_bytestokey-1.0.0.tgz",
      "integrity": "sha1-SXtmrZ/vZc18CKYYCCS6FHa2blM=",
      "dev": true
    },
    "fs.realpath": {
      "version": "https://registry.npmjs.org/fs.realpath/-/fs.realpath-1.0.0.tgz",
      "integrity": "sha1-FQStJSMVjKpA20onh8sBQRmU6k8=",
      "dev": true
    },
    "function-bind": {
      "version": "https://registry.npmjs.org/function-bind/-/function-bind-1.1.0.tgz",
      "integrity": "sha1-FhdnFMgBeY5Ojyz391KUZ7tKV3E=",
      "dev": true
    },
    "get-func-name": {
      "version": "2.0.0",
      "resolved": "https://registry.npmjs.org/get-func-name/-/get-func-name-2.0.0.tgz",
      "integrity": "sha1-6td0q+5y4gQJQzoGY2YCPdaIekE=",
      "dev": true
    },
    "glob": {
      "version": "https://registry.npmjs.org/glob/-/glob-7.0.6.tgz",
      "integrity": "sha1-IRuvr0nlJbjNkyYNFKsTYVKz9Xo=",
      "dev": true
    },
    "globby": {
      "version": "6.1.0",
      "resolved": "https://registry.npmjs.org/globby/-/globby-6.1.0.tgz",
      "integrity": "sha1-9abXDoOV4hyFj7BInWTfAkJNUGw=",
      "dev": true
    },
    "graceful-fs": {
      "version": "4.1.11",
      "resolved": "https://registry.npmjs.org/graceful-fs/-/graceful-fs-4.1.11.tgz",
      "integrity": "sha1-Dovf5NHduIVNZOBOp8AOKgJuVlg=",
      "dev": true
    },
    "graceful-readlink": {
      "version": "https://registry.npmjs.org/graceful-readlink/-/graceful-readlink-1.0.1.tgz",
      "integrity": "sha1-TK+tdrxi8C+gObL5Tpo906ORpyU=",
      "dev": true
    },
    "growl": {
      "version": "1.9.2",
      "resolved": "https://registry.npmjs.org/growl/-/growl-1.9.2.tgz",
      "integrity": "sha1-Dqd0NxXbjY3ixe3hd14bRayFwC8=",
      "dev": true
    },
    "has": {
      "version": "https://registry.npmjs.org/has/-/has-1.0.1.tgz",
      "integrity": "sha1-hGFzP1OLCDfJNh45qauelwTcLyg=",
      "dev": true
    },
    "hash-base": {
      "version": "https://registry.npmjs.org/hash-base/-/hash-base-2.0.2.tgz",
      "integrity": "sha1-ZuodhW206KVHDK32/OI65SRO8uE=",
      "dev": true
    },
    "hash.js": {
      "version": "https://registry.npmjs.org/hash.js/-/hash.js-1.0.3.tgz",
      "integrity": "sha1-EzL/ABVsCg/92CNgE9B7d6BFFXM=",
      "dev": true
    },
    "hmac-drbg": {
      "version": "https://registry.npmjs.org/hmac-drbg/-/hmac-drbg-1.0.1.tgz",
      "integrity": "sha1-0nRXAQJabHdabFRXk+1QL8DGSaE=",
      "dev": true
    },
    "htmlescape": {
      "version": "https://registry.npmjs.org/htmlescape/-/htmlescape-1.1.1.tgz",
      "integrity": "sha1-OgPtwiFLyjtmQko+eVk0lQnLA1E=",
      "dev": true
    },
    "https-browserify": {
      "version": "https://registry.npmjs.org/https-browserify/-/https-browserify-1.0.0.tgz",
      "integrity": "sha1-7AbBDgo0wPL68Zn3/X/Hj//QPHM=",
      "dev": true
    },
    "ieee754": {
      "version": "https://registry.npmjs.org/ieee754/-/ieee754-1.1.8.tgz",
      "integrity": "sha1-vjPUCsEO8ZJnAfbwii2G+/0a0+Q=",
      "dev": true
    },
    "indexof": {
      "version": "https://registry.npmjs.org/indexof/-/indexof-0.0.1.tgz",
      "integrity": "sha1-gtwzbSMrkGIXnQWrMpOmYFn9Q10=",
      "dev": true
    },
    "inflight": {
      "version": "https://registry.npmjs.org/inflight/-/inflight-1.0.6.tgz",
      "integrity": "sha1-Sb1jMdfQLQwJvJEKEHW6gWW1bfk=",
      "dev": true
    },
    "inherits": {
      "version": "https://registry.npmjs.org/inherits/-/inherits-2.0.3.tgz",
      "integrity": "sha1-Yzwsg+PaQqUC9SRmAiSA9CCCYd4=",
      "dev": true
    },
    "inline-source-map": {
      "version": "https://registry.npmjs.org/inline-source-map/-/inline-source-map-0.6.2.tgz",
      "integrity": "sha1-+Tk0ccGKedFyT4Y/o4tYY3Ct4qU=",
      "dev": true,
      "dependencies": {
        "source-map": {
          "version": "https://registry.npmjs.org/source-map/-/source-map-0.5.6.tgz",
          "integrity": "sha1-dc449SvwczxafwwRjYEzSiu19BI=",
          "dev": true
        }
      }
    },
    "insert-module-globals": {
      "version": "https://registry.npmjs.org/insert-module-globals/-/insert-module-globals-7.0.1.tgz",
      "integrity": "sha1-wDv04BywhtW15azorQr+eInWOMM=",
      "dev": true
    },
    "is-arrayish": {
      "version": "https://registry.npmjs.org/is-arrayish/-/is-arrayish-0.3.1.tgz",
      "integrity": "sha1-wt/DhquqDD4zxI2z/ocFnmkGXv0=",
      "dev": true
    },
    "is-buffer": {
      "version": "https://registry.npmjs.org/is-buffer/-/is-buffer-1.1.5.tgz",
      "integrity": "sha1-Hzsm72E7IUuIy8ojzGwB2Hlh7sw=",
      "dev": true
    },
    "is-expression": {
      "version": "https://registry.npmjs.org/is-expression/-/is-expression-2.1.0.tgz",
      "integrity": "sha1-kb6dR968/vB3l36XIr5tz7RGXvA=",
      "dev": true
    },
    "is-promise": {
      "version": "https://registry.npmjs.org/is-promise/-/is-promise-2.1.0.tgz",
      "integrity": "sha1-eaKp7OfwlugPNtKy87wWwf9L8/o=",
      "dev": true
    },
    "is-regex": {
      "version": "https://registry.npmjs.org/is-regex/-/is-regex-1.0.4.tgz",
      "integrity": "sha1-VRdIm1RwkbCTDglWVM7SXul+lJE=",
      "dev": true
    },
    "isarray": {
      "version": "https://registry.npmjs.org/isarray/-/isarray-1.0.0.tgz",
      "integrity": "sha1-u5NdSFgsuhaMBoNJV6VKPgcSTxE=",
      "dev": true
    },
    "js-stringify": {
      "version": "https://registry.npmjs.org/js-stringify/-/js-stringify-1.0.2.tgz",
      "integrity": "sha1-Fzb939lyTyijaCrcYjCufk6Weds=",
      "dev": true
    },
    "json-stable-stringify": {
      "version": "https://registry.npmjs.org/json-stable-stringify/-/json-stable-stringify-0.0.1.tgz",
      "integrity": "sha1-YRwj6BTbN1Un34URk9tZ3Sryf0U=",
      "dev": true
    },
    "json3": {
      "version": "3.3.2",
      "resolved": "https://registry.npmjs.org/json3/-/json3-3.3.2.tgz",
      "integrity": "sha1-PAQ0dD35Pi9cQq7nsZvLSDV19OE=",
      "dev": true
    },
    "jsonify": {
      "version": "https://registry.npmjs.org/jsonify/-/jsonify-0.0.0.tgz",
      "integrity": "sha1-LHS27kHZPKUbe1qu6PUDYx0lKnM=",
      "dev": true
    },
    "jsonparse": {
      "version": "https://registry.npmjs.org/jsonparse/-/jsonparse-1.3.1.tgz",
      "integrity": "sha1-P02uSpH6wxX3EGL4UhzCOfE2YoA=",
      "dev": true
    },
    "JSONStream": {
      "version": "https://registry.npmjs.org/JSONStream/-/JSONStream-1.3.1.tgz",
      "integrity": "sha1-cH92HgHa6eFvG8+TcDt4xwlmV5o=",
      "dev": true
    },
    "jstransformer": {
      "version": "https://registry.npmjs.org/jstransformer/-/jstransformer-1.0.0.tgz",
      "integrity": "sha1-7Yvwkh4vPx7U1cGkT2hwntJHIsM=",
      "dev": true
    },
    "kind-of": {
      "version": "https://registry.npmjs.org/kind-of/-/kind-of-3.2.2.tgz",
      "integrity": "sha1-MeohpzS6ubuw8yRm2JOupR5KPGQ=",
      "dev": true
    },
    "labeled-stream-splicer": {
      "version": "https://registry.npmjs.org/labeled-stream-splicer/-/labeled-stream-splicer-2.0.0.tgz",
      "integrity": "sha1-pS4dE4AkwAuGscDJH2d5GLiuClk=",
      "dev": true,
      "dependencies": {
        "isarray": {
          "version": "https://registry.npmjs.org/isarray/-/isarray-0.0.1.tgz",
          "integrity": "sha1-ihis/Kmo9Bd+Cav8YDiTmwXR7t8=",
          "dev": true
        }
      }
    },
    "lazy-cache": {
      "version": "https://registry.npmjs.org/lazy-cache/-/lazy-cache-1.0.4.tgz",
      "integrity": "sha1-odePw6UEdMuAhF07O24dpJpEbo4=",
      "dev": true
    },
    "lexical-scope": {
      "version": "https://registry.npmjs.org/lexical-scope/-/lexical-scope-1.2.0.tgz",
      "integrity": "sha1-/Ope3HBKSzqHls3KQZw6CvryLfQ=",
      "dev": true
    },
    "lodash._baseassign": {
      "version": "3.2.0",
      "resolved": "https://registry.npmjs.org/lodash._baseassign/-/lodash._baseassign-3.2.0.tgz",
      "integrity": "sha1-jDigmVAPIVrQnlnxci/QxSv+Ck4=",
      "dev": true
    },
    "lodash._basecopy": {
      "version": "3.0.1",
      "resolved": "https://registry.npmjs.org/lodash._basecopy/-/lodash._basecopy-3.0.1.tgz",
      "integrity": "sha1-jaDmqHbPNEwK2KVIghEd08XHyjY=",
      "dev": true
    },
    "lodash._basecreate": {
      "version": "3.0.3",
      "resolved": "https://registry.npmjs.org/lodash._basecreate/-/lodash._basecreate-3.0.3.tgz",
      "integrity": "sha1-G8ZhYU2qf8MRt9A78WgGoCE8+CE=",
      "dev": true
    },
    "lodash._getnative": {
      "version": "3.9.1",
      "resolved": "https://registry.npmjs.org/lodash._getnative/-/lodash._getnative-3.9.1.tgz",
      "integrity": "sha1-VwvH3t5G1hzc3mh9ZdPuy6o6r/U=",
      "dev": true
    },
    "lodash._isiterateecall": {
      "version": "3.0.9",
      "resolved": "https://registry.npmjs.org/lodash._isiterateecall/-/lodash._isiterateecall-3.0.9.tgz",
      "integrity": "sha1-UgOte6Ql+uhCRg5pbbnPPmqsBXw=",
      "dev": true
    },
    "lodash.create": {
      "version": "3.1.1",
      "resolved": "https://registry.npmjs.org/lodash.create/-/lodash.create-3.1.1.tgz",
      "integrity": "sha1-1/KEnw29p+BGgruM1yqwIkYd6+c=",
      "dev": true
    },
    "lodash.isarguments": {
      "version": "3.1.0",
      "resolved": "https://registry.npmjs.org/lodash.isarguments/-/lodash.isarguments-3.1.0.tgz",
      "integrity": "sha1-L1c9hcaiQon/AGY7SRwdM4/zRYo=",
      "dev": true
    },
    "lodash.isarray": {
      "version": "3.0.4",
      "resolved": "https://registry.npmjs.org/lodash.isarray/-/lodash.isarray-3.0.4.tgz",
      "integrity": "sha1-eeTriMNqgSKvhvhEqpvNhRtfu1U=",
      "dev": true
    },
    "lodash.keys": {
      "version": "3.1.2",
      "resolved": "https://registry.npmjs.org/lodash.keys/-/lodash.keys-3.1.2.tgz",
      "integrity": "sha1-TbwEcrFWvlCgsoaFXRvQsMZWCYo=",
      "dev": true
    },
    "lodash.memoize": {
      "version": "https://registry.npmjs.org/lodash.memoize/-/lodash.memoize-3.0.4.tgz",
      "integrity": "sha1-LcvSwofLwKVcxCMovQxzYVDVPj8=",
      "dev": true
    },
    "longest": {
      "version": "https://registry.npmjs.org/longest/-/longest-1.0.1.tgz",
      "integrity": "sha1-MKCy2jj3N3DoKUoNIuZiXtd9AJc=",
      "dev": true
    },
    "make-dir": {
      "version": "1.0.0",
      "resolved": "https://registry.npmjs.org/make-dir/-/make-dir-1.0.0.tgz",
      "integrity": "sha1-l6ARdR6R3YfPre9Ygy67BJNt6Xg=",
      "dev": true
    },
    "miller-rabin": {
      "version": "https://registry.npmjs.org/miller-rabin/-/miller-rabin-4.0.0.tgz",
      "integrity": "sha1-SmL7HUKTPAVYOYL0xxb2+55sbT0=",
      "dev": true
    },
    "minimalistic-assert": {
      "version": "https://registry.npmjs.org/minimalistic-assert/-/minimalistic-assert-1.0.0.tgz",
      "integrity": "sha1-cCvi3aazf0g2vLP121ZkG2Sh09M=",
      "dev": true
    },
    "minimalistic-crypto-utils": {
      "version": "https://registry.npmjs.org/minimalistic-crypto-utils/-/minimalistic-crypto-utils-1.0.1.tgz",
      "integrity": "sha1-9sAMHAsIIkblxNmd+4x8CDsrWCo=",
      "dev": true
    },
    "minimatch": {
      "version": "https://registry.npmjs.org/minimatch/-/minimatch-3.0.4.tgz",
      "integrity": "sha1-UWbihkV/AzBgZL5Ul+jbsMPTIIM=",
      "dev": true
    },
    "minimist": {
      "version": "https://registry.npmjs.org/minimist/-/minimist-0.0.8.tgz",
      "integrity": "sha1-hX/Kv8M5fSYluCKCYuhqp6ARsF0=",
      "dev": true
    },
    "mkdirp": {
      "version": "https://registry.npmjs.org/mkdirp/-/mkdirp-0.5.1.tgz",
      "integrity": "sha1-MAV0OOrGz3+MR2fzhkjWaX11yQM=",
      "dev": true
    },
    "mocha": {
      "version": "3.4.2",
      "resolved": "https://registry.npmjs.org/mocha/-/mocha-3.4.2.tgz",
      "integrity": "sha1-0O9NMyEm2/GNDWQMmzgt1IvpdZQ=",
      "dev": true,
      "dependencies": {
        "commander": {
          "version": "2.9.0",
          "resolved": "https://registry.npmjs.org/commander/-/commander-2.9.0.tgz",
          "integrity": "sha1-nJkJQXbhIkDLItbFFGCYQA/g99Q=",
          "dev": true
        },
        "debug": {
          "version": "2.6.0",
          "resolved": "https://registry.npmjs.org/debug/-/debug-2.6.0.tgz",
          "integrity": "sha1-vFlryr52F/Edn6FTYe3tVgi4SZs=",
          "dev": true
        },
        "glob": {
          "version": "7.1.1",
          "resolved": "https://registry.npmjs.org/glob/-/glob-7.1.1.tgz",
          "integrity": "sha1-gFIR3wT6rxxjo2ADBs31reULLsg=",
          "dev": true
        },
        "ms": {
          "version": "0.7.2",
          "resolved": "https://registry.npmjs.org/ms/-/ms-0.7.2.tgz",
          "integrity": "sha1-riXPJRKziFodldfwN4aNhDESR2U=",
          "dev": true
        },
        "supports-color": {
          "version": "3.1.2",
          "resolved": "https://registry.npmjs.org/supports-color/-/supports-color-3.1.2.tgz",
          "integrity": "sha1-cqJiiU2dQIuVbKBf83su2KbiotU=",
          "dev": true
        }
      }
    },
    "module-deps": {
      "version": "https://registry.npmjs.org/module-deps/-/module-deps-4.1.1.tgz",
      "integrity": "sha1-IyFYM/HaE/1gbMuAh7RIUty4If0=",
      "dev": true
    },
    "ms": {
      "version": "https://registry.npmjs.org/ms/-/ms-2.0.0.tgz",
      "integrity": "sha1-VgiurfwAvmwpAd9fmGF4jeDVl8g=",
      "dev": true
    },
    "nested-error-stacks": {
      "version": "2.0.0",
      "resolved": "https://registry.npmjs.org/nested-error-stacks/-/nested-error-stacks-2.0.0.tgz",
      "integrity": "sha1-mLL/rvtGEPo5NvHnFDXTBwDeKEA=",
      "dev": true
    },
    "object-assign": {
      "version": "https://registry.npmjs.org/object-assign/-/object-assign-4.1.1.tgz",
      "integrity": "sha1-IQmtx5ZYh8/AXLvUQsrIv7s2CGM=",
      "dev": true
    },
    "once": {
      "version": "https://registry.npmjs.org/once/-/once-1.4.0.tgz",
      "integrity": "sha1-WDsap3WWHUsROsF9nFC6753Xa9E=",
      "dev": true
    },
    "os-browserify": {
      "version": "https://registry.npmjs.org/os-browserify/-/os-browserify-0.1.2.tgz",
      "integrity": "sha1-ScoCk+CxlZCl9d4Qx/JlphfY/lQ=",
      "dev": true
    },
    "pako": {
      "version": "https://registry.npmjs.org/pako/-/pako-0.2.9.tgz",
      "integrity": "sha1-8/dSL073gjSNqBYbrZ7P1Rv4OnU=",
      "dev": true
    },
    "parents": {
      "version": "https://registry.npmjs.org/parents/-/parents-1.0.1.tgz",
      "integrity": "sha1-/t1NK/GTp3dF/nHjcdc8MwfZx1E=",
      "dev": true
    },
    "parse-asn1": {
      "version": "https://registry.npmjs.org/parse-asn1/-/parse-asn1-5.1.0.tgz",
      "integrity": "sha1-N8T5t+06tlx0gXtfJICTf7+XxxI=",
      "dev": true
    },
    "path-browserify": {
      "version": "https://registry.npmjs.org/path-browserify/-/path-browserify-0.0.0.tgz",
      "integrity": "sha1-oLhwcpquIUAFt9UDLsLLuw+0RRo=",
      "dev": true
    },
    "path-is-absolute": {
      "version": "https://registry.npmjs.org/path-is-absolute/-/path-is-absolute-1.0.1.tgz",
      "integrity": "sha1-F0uSaHNVNP+8es5r9TpanhtcX18=",
      "dev": true
    },
    "path-parse": {
      "version": "https://registry.npmjs.org/path-parse/-/path-parse-1.0.5.tgz",
      "integrity": "sha1-PBrfhx6pzWyUMbbqK9dKD/BVxME=",
      "dev": true
    },
    "path-platform": {
      "version": "https://registry.npmjs.org/path-platform/-/path-platform-0.11.15.tgz",
      "integrity": "sha1-6GQhf3TDaFDwhSt43Hv31KVyG/I=",
      "dev": true
    },
    "pathval": {
      "version": "1.1.0",
      "resolved": "https://registry.npmjs.org/pathval/-/pathval-1.1.0.tgz",
      "integrity": "sha1-uULm1L3mUwBe9rcTYd74cn0GReA=",
      "dev": true
    },
    "pbkdf2": {
      "version": "https://registry.npmjs.org/pbkdf2/-/pbkdf2-3.0.12.tgz",
      "integrity": "sha1-vjZ4XFBn6kjYBv+SMojF91C2uKI=",
      "dev": true
    },
    "pify": {
      "version": "2.3.0",
      "resolved": "https://registry.npmjs.org/pify/-/pify-2.3.0.tgz",
      "integrity": "sha1-7RQaasBDqEnqWISY59yosVMw6Qw=",
      "dev": true
    },
    "pinkie": {
      "version": "2.0.4",
      "resolved": "https://registry.npmjs.org/pinkie/-/pinkie-2.0.4.tgz",
      "integrity": "sha1-clVrgM+g1IqXToDnckjoDtT3+HA=",
      "dev": true
    },
    "pinkie-promise": {
      "version": "2.0.1",
      "resolved": "https://registry.npmjs.org/pinkie-promise/-/pinkie-promise-2.0.1.tgz",
      "integrity": "sha1-ITXW36ejWMBprJsXh3YogihFD/o=",
      "dev": true
    },
    "process": {
      "version": "https://registry.npmjs.org/process/-/process-0.11.10.tgz",
      "integrity": "sha1-czIwDoQBYb2j5podHZGn1LwW8YI=",
      "dev": true
    },
    "process-nextick-args": {
      "version": "https://registry.npmjs.org/process-nextick-args/-/process-nextick-args-1.0.7.tgz",
      "integrity": "sha1-FQ4gt1ZZCtP5EJPyWk8q2L/zC6M=",
      "dev": true
    },
    "promise": {
      "version": "https://registry.npmjs.org/promise/-/promise-7.1.1.tgz",
      "integrity": "sha1-SJZUxpJha4qlWwck+oCbt9tJxb8=",
      "dev": true
    },
    "public-encrypt": {
      "version": "https://registry.npmjs.org/public-encrypt/-/public-encrypt-4.0.0.tgz",
      "integrity": "sha1-OfaZ86RlYN1eusvKaTyvfGXBjMY=",
      "dev": true
    },
    "pug": {
      "version": "https://registry.npmjs.org/pug/-/pug-2.0.0-rc.1.tgz",
      "integrity": "sha1-cjwIszSbubloZbntfT43niR82YQ=",
      "dev": true
    },
    "pug-attrs": {
      "version": "https://registry.npmjs.org/pug-attrs/-/pug-attrs-2.0.2.tgz",
      "integrity": "sha1-i+KyIlVo/6ddG4Zpgr/59BEa/8s=",
      "dev": true
    },
    "pug-code-gen": {
      "version": "https://registry.npmjs.org/pug-code-gen/-/pug-code-gen-1.1.1.tgz",
      "integrity": "sha1-HPcnRO8qA56uajNAyqoRBYcSWOg=",
      "dev": true
    },
    "pug-error": {
      "version": "https://registry.npmjs.org/pug-error/-/pug-error-1.3.2.tgz",
      "integrity": "sha1-U659nSm7A89WRJOgJhCfVMR/XyY=",
      "dev": true
    },
    "pug-filters": {
      "version": "https://registry.npmjs.org/pug-filters/-/pug-filters-2.1.2.tgz",
      "integrity": "sha1-NZC0Gts0dJ9x0/HxqfdFAREZEXs=",
      "dev": true
    },
    "pug-lexer": {
      "version": "https://registry.npmjs.org/pug-lexer/-/pug-lexer-3.1.0.tgz",
      "integrity": "sha1-/QhzdtSmdbT1n4/vQiiDQ06VgaI=",
      "dev": true,
      "dependencies": {
        "acorn": {
          "version": "https://registry.npmjs.org/acorn/-/acorn-4.0.13.tgz",
          "integrity": "sha1-EFSVrlNh1pe9GVyCUZLhrX8lN4c=",
          "dev": true
        },
        "is-expression": {
          "version": "https://registry.npmjs.org/is-expression/-/is-expression-3.0.0.tgz",
          "integrity": "sha1-Oayqa+f9HzRx3ELHQW5hwkMXrJ8=",
          "dev": true
        }
      }
    },
    "pug-linker": {
      "version": "https://registry.npmjs.org/pug-linker/-/pug-linker-3.0.0.tgz",
      "integrity": "sha1-JBbwaqoalyDjsyYdHoynL29RI9I=",
      "dev": true
    },
    "pug-load": {
      "version": "https://registry.npmjs.org/pug-load/-/pug-load-2.0.6.tgz",
      "integrity": "sha1-htpLMcT3b9mkcZgrmz0A5sij+UU=",
      "dev": true
    },
    "pug-parser": {
      "version": "https://registry.npmjs.org/pug-parser/-/pug-parser-2.0.2.tgz",
      "integrity": "sha1-U6aAz9BQOdywwn0CkJS8SnkmibA=",
      "dev": true
    },
    "pug-runtime": {
      "version": "https://registry.npmjs.org/pug-runtime/-/pug-runtime-2.0.3.tgz",
      "integrity": "sha1-mBYmB7D86eJU1CfzOYelrucWi9o=",
      "dev": true
    },
    "pug-strip-comments": {
      "version": "https://registry.npmjs.org/pug-strip-comments/-/pug-strip-comments-1.0.2.tgz",
      "integrity": "sha1-0xOvoBvMN0mA4TmeI+vy65vchRM=",
      "dev": true
    },
    "pug-walk": {
      "version": "https://registry.npmjs.org/pug-walk/-/pug-walk-1.1.2.tgz",
      "integrity": "sha1-3rskwHCpXV/Crr81iSYYM9IzLjs=",
      "dev": true
    },
    "punycode": {
      "version": "https://registry.npmjs.org/punycode/-/punycode-1.4.1.tgz",
      "integrity": "sha1-wNWmOycYgArY4esPpSachN1BhF4=",
      "dev": true
    },
    "querystring": {
      "version": "https://registry.npmjs.org/querystring/-/querystring-0.2.0.tgz",
      "integrity": "sha1-sgmEkgO7Jd+CDadW50cAWHhSFiA=",
      "dev": true
    },
    "querystring-es3": {
      "version": "https://registry.npmjs.org/querystring-es3/-/querystring-es3-0.2.1.tgz",
      "integrity": "sha1-nsYfeQSYdXB9aUFFlv2Qek1xHnM=",
      "dev": true
    },
    "randombytes": {
      "version": "https://registry.npmjs.org/randombytes/-/randombytes-2.0.3.tgz",
      "integrity": "sha1-Z0yZdgkBw8QRJ3GjHlIdw0nMCew=",
      "dev": true
    },
    "read-only-stream": {
      "version": "https://registry.npmjs.org/read-only-stream/-/read-only-stream-2.0.0.tgz",
      "integrity": "sha1-JyT9aoET1zdkrCiNQ4YnDB2/F/A=",
      "dev": true
    },
    "readable-stream": {
      "version": "https://registry.npmjs.org/readable-stream/-/readable-stream-2.2.9.tgz",
      "integrity": "sha1-z3jsb0ptHrQ9JkiMrJfwQudLf8g=",
      "dev": true
    },
    "repeat-string": {
      "version": "https://registry.npmjs.org/repeat-string/-/repeat-string-1.6.1.tgz",
      "integrity": "sha1-jcrkcOHIirwtYA//Sndihtp15jc=",
      "dev": true
    },
    "resolve": {
      "version": "https://registry.npmjs.org/resolve/-/resolve-1.3.3.tgz",
      "integrity": "sha1-ZVkHw0aahoDcLeOidaj91paR8OU=",
      "dev": true
    },
    "right-align": {
      "version": "https://registry.npmjs.org/right-align/-/right-align-0.1.3.tgz",
      "integrity": "sha1-YTObci/mo1FWiSENJOFMlhSGE+8=",
      "dev": true
    },
    "ripemd160": {
      "version": "https://registry.npmjs.org/ripemd160/-/ripemd160-2.0.1.tgz",
      "integrity": "sha1-D0WEKVxTo2KK9+bXmsohzlfRxuc=",
      "dev": true
    },
    "safe-buffer": {
      "version": "https://registry.npmjs.org/safe-buffer/-/safe-buffer-5.0.1.tgz",
      "integrity": "sha1-0mPKVGls2KMGtcplUekt5XkY++c=",
      "dev": true
    },
    "sax": {
      "version": "https://registry.npmjs.org/sax/-/sax-0.5.8.tgz",
      "integrity": "sha1-1HLbIo6zMcJQaw6MFVJK25OdEsE=",
      "dev": true
    },
    "sha.js": {
      "version": "https://registry.npmjs.org/sha.js/-/sha.js-2.4.8.tgz",
      "integrity": "sha1-NwaMLEdra69ALRSknGf1l5IfY08=",
      "dev": true
    },
    "shasum": {
      "version": "https://registry.npmjs.org/shasum/-/shasum-1.0.2.tgz",
      "integrity": "sha1-5wEjENj0F/TetXEhUOVni4euVl8=",
      "dev": true
    },
    "shell-quote": {
      "version": "https://registry.npmjs.org/shell-quote/-/shell-quote-1.6.1.tgz",
      "integrity": "sha1-9HgZSczkAmlxJ0MOo7PFR29IF2c=",
      "dev": true
    },
    "simple-swizzle": {
      "version": "https://registry.npmjs.org/simple-swizzle/-/simple-swizzle-0.2.2.tgz",
      "integrity": "sha1-pNprY1/8zMoz9w0Xy5JZLeleVXo=",
      "dev": true
    },
    "source-map": {
      "version": "https://registry.npmjs.org/source-map/-/source-map-0.4.4.tgz",
      "integrity": "sha1-66T12pwNyZneaAMti092FzZSA2s=",
      "dev": true
    },
    "stream-browserify": {
      "version": "https://registry.npmjs.org/stream-browserify/-/stream-browserify-2.0.1.tgz",
      "integrity": "sha1-ZiZu5fm9uZQKTkUUyvtDu3Hlyds=",
      "dev": true
    },
    "stream-combiner2": {
      "version": "https://registry.npmjs.org/stream-combiner2/-/stream-combiner2-1.1.1.tgz",
      "integrity": "sha1-+02KFCDqNidk4hrUeAOXvry0HL4=",
      "dev": true
    },
    "stream-http": {
      "version": "https://registry.npmjs.org/stream-http/-/stream-http-2.7.1.tgz",
      "integrity": "sha1-VGpRdBrVprB+njGwsQRBqRffUoo=",
      "dev": true
    },
    "stream-splicer": {
      "version": "https://registry.npmjs.org/stream-splicer/-/stream-splicer-2.0.0.tgz",
      "integrity": "sha1-G2O+Q4oTPktnHMGTUZdgAXWRDYM=",
      "dev": true
    },
    "string_decoder": {
      "version": "https://registry.npmjs.org/string_decoder/-/string_decoder-1.0.1.tgz",
      "integrity": "sha1-YuIA8DmVWmgQ2N8KM//A8BNmLZg=",
      "dev": true
    },
    "stylus": {
      "version": "https://registry.npmjs.org/stylus/-/stylus-0.54.5.tgz",
      "integrity": "sha1-QrlWCTHKcJDOhRWnmLqeaqPW3Hk=",
      "dev": true,
      "dependencies": {
        "source-map": {
          "version": "https://registry.npmjs.org/source-map/-/source-map-0.1.43.tgz",
          "integrity": "sha1-wkvBRspRfBRx9drL4lcbK3+eM0Y=",
          "dev": true
        }
      }
    },
    "subarg": {
      "version": "https://registry.npmjs.org/subarg/-/subarg-1.0.0.tgz",
      "integrity": "sha1-9izxdYHplrSPyWVpn1TAauJouNI=",
      "dev": true,
      "dependencies": {
        "minimist": {
          "version": "https://registry.npmjs.org/minimist/-/minimist-1.2.0.tgz",
          "integrity": "sha1-o1AIsg9BOD7sH7kU9M1d95omQoQ=",
          "dev": true
        }
      }
    },
    "syntax-error": {
      "version": "https://registry.npmjs.org/syntax-error/-/syntax-error-1.3.0.tgz",
      "integrity": "sha1-HtkmbE1AvnXcVb+bsct3Biu5bKE=",
      "dev": true,
      "dependencies": {
        "acorn": {
          "version": "https://registry.npmjs.org/acorn/-/acorn-4.0.13.tgz",
          "integrity": "sha1-EFSVrlNh1pe9GVyCUZLhrX8lN4c=",
          "dev": true
        }
      }
    },
    "through": {
      "version": "https://registry.npmjs.org/through/-/through-2.3.8.tgz",
      "integrity": "sha1-DdTJ/6q8NXlgsbckEV1+Doai4fU=",
      "dev": true
    },
    "through2": {
      "version": "https://registry.npmjs.org/through2/-/through2-2.0.3.tgz",
      "integrity": "sha1-AARWmzfHx0ujnEPzzteNGtlBQL4=",
      "dev": true
    },
    "timers-browserify": {
      "version": "https://registry.npmjs.org/timers-browserify/-/timers-browserify-1.4.2.tgz",
      "integrity": "sha1-ycWLV1voQHN1y14kYtrO50NZ9B0=",
      "dev": true
    },
    "to-arraybuffer": {
      "version": "https://registry.npmjs.org/to-arraybuffer/-/to-arraybuffer-1.0.1.tgz",
      "integrity": "sha1-fSKbH8xjfkZsoIEYCDanqr/4P0M=",
      "dev": true
    },
    "token-stream": {
      "version": "https://registry.npmjs.org/token-stream/-/token-stream-0.0.1.tgz",
      "integrity": "sha1-zu78cXp2xDFvEm0LnbqlXX598Bo=",
      "dev": true
    },
    "tty-browserify": {
      "version": "https://registry.npmjs.org/tty-browserify/-/tty-browserify-0.0.0.tgz",
      "integrity": "sha1-oVe6QC2iTpv5V/mqadUk7tQpAaY=",
      "dev": true
    },
    "type-detect": {
      "version": "4.0.3",
      "resolved": "https://registry.npmjs.org/type-detect/-/type-detect-4.0.3.tgz",
      "integrity": "sha1-Dj8mcLRAmbC0bChNE2p+9Jx0wuo=",
      "dev": true
    },
    "typedarray": {
      "version": "https://registry.npmjs.org/typedarray/-/typedarray-0.0.6.tgz",
      "integrity": "sha1-hnrHTjhkGHsdPUfZlqeOxciDB3c=",
      "dev": true
    },
    "typescript": {
      "version": "https://registry.npmjs.org/typescript/-/typescript-2.3.3.tgz",
      "integrity": "sha1-ljnzw7QBSOjKl/4IpR3RiRu2viI=",
      "dev": true
    },
    "uglify-js": {
      "version": "https://registry.npmjs.org/uglify-js/-/uglify-js-2.8.27.tgz",
      "integrity": "sha1-R3h/kSsPJC5bmENDvo416V9pTJw=",
      "dev": true,
      "dependencies": {
        "source-map": {
          "version": "https://registry.npmjs.org/source-map/-/source-map-0.5.6.tgz",
          "integrity": "sha1-dc449SvwczxafwwRjYEzSiu19BI=",
          "dev": true
        }
      }
    },
    "uglify-to-browserify": {
      "version": "https://registry.npmjs.org/uglify-to-browserify/-/uglify-to-browserify-1.0.2.tgz",
      "integrity": "sha1-bgkk1r2mta/jSeOabWMoUKD4grc=",
      "dev": true,
      "optional": true
    },
    "umd": {
      "version": "https://registry.npmjs.org/umd/-/umd-3.0.1.tgz",
      "integrity": "sha1-iuVW4RAR9jwllnCKiDclnwGz1g4=",
      "dev": true
    },
    "url": {
      "version": "https://registry.npmjs.org/url/-/url-0.11.0.tgz",
      "integrity": "sha1-ODjpfPxgUh63PFJajlW/3Z4uKPE=",
      "dev": true,
      "dependencies": {
        "punycode": {
          "version": "https://registry.npmjs.org/punycode/-/punycode-1.3.2.tgz",
          "integrity": "sha1-llOgNvt8HuQjQvIyXM7v6jkmxI0=",
          "dev": true
        }
      }
    },
    "util": {
      "version": "https://registry.npmjs.org/util/-/util-0.10.3.tgz",
      "integrity": "sha1-evsa/lCAUkZInj23/g7TeTNqwPk=",
      "dev": true,
      "dependencies": {
        "inherits": {
          "version": "https://registry.npmjs.org/inherits/-/inherits-2.0.1.tgz",
          "integrity": "sha1-sX0I0ya0Qj5Wjv9xn5GwscvfafE=",
          "dev": true
        }
      }
    },
    "util-deprecate": {
      "version": "https://registry.npmjs.org/util-deprecate/-/util-deprecate-1.0.2.tgz",
      "integrity": "sha1-RQ1Nyfpw3nMnYvvS1KKJgUGaDM8=",
      "dev": true
    },
    "vm-browserify": {
      "version": "https://registry.npmjs.org/vm-browserify/-/vm-browserify-0.0.4.tgz",
      "integrity": "sha1-XX6kW7755Kb/ZflUOOCofDV9WnM=",
      "dev": true
    },
    "void-elements": {
      "version": "https://registry.npmjs.org/void-elements/-/void-elements-2.0.1.tgz",
      "integrity": "sha1-wGavtYK7HLQSjWDqkjkulNXp2+w=",
      "dev": true
    },
    "window-size": {
      "version": "https://registry.npmjs.org/window-size/-/window-size-0.1.0.tgz",
      "integrity": "sha1-VDjNLqk7IC76Ohn+iIeu58lPnJ0=",
      "dev": true
    },
    "with": {
      "version": "https://registry.npmjs.org/with/-/with-5.1.1.tgz",
      "integrity": "sha1-+k2qktrzLE6pTtRTyB8EaGtXXf4=",
      "dev": true
    },
    "wordwrap": {
      "version": "https://registry.npmjs.org/wordwrap/-/wordwrap-0.0.2.tgz",
      "integrity": "sha1-t5Zpu0LstAn4PVg8rVLKF+qhZD8=",
      "dev": true
    },
    "wrappy": {
      "version": "https://registry.npmjs.org/wrappy/-/wrappy-1.0.2.tgz",
      "integrity": "sha1-tSQ9jz7BqjXxNkYFvA0QNuMKtp8=",
      "dev": true
    },
    "xtend": {
      "version": "https://registry.npmjs.org/xtend/-/xtend-4.0.1.tgz",
      "integrity": "sha1-pcbVMr5lbiPbgg77lDofBJmNY68=",
      "dev": true
    },
    "yargs": {
      "version": "https://registry.npmjs.org/yargs/-/yargs-3.10.0.tgz",
      "integrity": "sha1-9+572FfdfB0tOMDnTvvWgdFDH9E=",
      "dev": true
    }
  }
}
